{
  "object": {
    "pins": [
      {
        "package": "FCB-utils",
        "repositoryURL": "https://github.com/denis-sancov/FCB-utils.git",
        "state": {
          "branch": null,
          "revision": "02e250b410f660141aef545c97887874f1b314c1",
          "version": "1.0.13"
        }
      },
      {
        "package": "RxSwift",
        "repositoryURL": "https://github.com/ReactiveX/RxSwift.git",
        "state": {
          "branch": null,
          "revision": "7e01c05f25c025143073eaa3be3532f9375c614b",
          "version": "6.1.0"
        }
      }
    ]
  },
  "version": 1
}
