{
  "object": {
    "pins": [
      {
        "package": "FCB-utils",
        "repositoryURL": "https://github.com/denis-sancov/FCB-utils.git",
        "state": {
          "branch": null,
          "revision": "2563b83c74b7c0cb6b30fd883de823acd7376eed",
          "version": "1.0.8"
        }
      },
      {
        "package": "RxSwift",
        "repositoryURL": "https://github.com/ReactiveX/RxSwift.git",
        "state": {
          "branch": null,
          "revision": "7e01c05f25c025143073eaa3be3532f9375c614b",
          "version": "6.1.0"
        }
      }
    ]
  },
  "version": 1
}
